
Microsoft Visual Studio Solution File, Format Version 12.00
# Visual Studio Version 16
VisualStudioVersion = 16.0.31515.178
MinimumVisualStudioVersion = 10.0.40219.1
Project("{FAE04EC0-301F-11D3-BF4B-00C04F79EFBC}") = "EmployeePayrollUsingThreding", "EmployeePayrollUsingThreding\EmployeePayrollUsingThreding.csproj", "{0597F81A-3D14-4521-AF6F-6077A3EBDC4F}"
EndProject
Project("{FAE04EC0-301F-11D3-BF4B-00C04F79EFBC}") = "EmployeePayrollUsingThreadingTest1", "EmployeePayrollUsingThreadingTest1\EmployeePayrollUsingThreadingTest1.csproj", "{15912CED-A421-4712-86D6-B6D9FBDCB74D}"
EndProject
Global
	GlobalSection(SolutionConfigurationPlatforms) = preSolution
		Debug|Any CPU = Debug|Any CPU
		Release|Any CPU = Release|Any CPU
	EndGlobalSection
	GlobalSection(ProjectConfigurationPlatforms) = postSolution
		{0597F81A-3D14-4521-AF6F-6077A3EBDC4F}.Debug|Any CPU.ActiveCfg = Debug|Any CPU
		{0597F81A-3D14-4521-AF6F-6077A3EBDC4F}.Debug|Any CPU.Build.0 = Debug|Any CPU
		{0597F81A-3D14-4521-AF6F-6077A3EBDC4F}.Release|Any CPU.ActiveCfg = Release|Any CPU
		{0597F81A-3D14-4521-AF6F-6077A3EBDC4F}.Release|Any CPU.Build.0 = Release|Any CPU
		{15912CED-A421-4712-86D6-B6D9FBDCB74D}.Debug|Any CPU.ActiveCfg = Debug|Any CPU
		{15912CED-A421-4712-86D6-B6D9FBDCB74D}.Debug|Any CPU.Build.0 = Debug|Any CPU
		{15912CED-A421-4712-86D6-B6D9FBDCB74D}.Release|Any CPU.ActiveCfg = Release|Any CPU
		{15912CED-A421-4712-86D6-B6D9FBDCB74D}.Release|Any CPU.Build.0 = Release|Any CPU
	EndGlobalSection
	GlobalSection(SolutionProperties) = preSolution
		HideSolutionNode = FALSE
	EndGlobalSection
	GlobalSection(ExtensibilityGlobals) = postSolution
		SolutionGuid = {B1032851-0B11-4519-BB88-F254680545C0}
	EndGlobalSection
EndGlobal
